// !$*UTF8*$!
{
	archiveVersion = 1;
	classes = {
	};
	objectVersion = 50;
	objects = {

/* Begin PBXBuildFile section */
		6F35C6BA2186604900DB45FF /* AppDelegate.swift in Sources */ = {isa = PBXBuildFile; fileRef = 6F35C6B92186604900DB45FF /* AppDelegate.swift */; };
		6F35C6BC2186604900DB45FF /* ViewController.swift in Sources */ = {isa = PBXBuildFile; fileRef = 6F35C6BB2186604900DB45FF /* ViewController.swift */; };
		6F35C6BF2186604900DB45FF /* Main.storyboard in Resources */ = {isa = PBXBuildFile; fileRef = 6F35C6BD2186604900DB45FF /* Main.storyboard */; };
		6F35C6C12186604A00DB45FF /* Assets.xcassets in Resources */ = {isa = PBXBuildFile; fileRef = 6F35C6C02186604A00DB45FF /* Assets.xcassets */; };
		6F35C6C42186604A00DB45FF /* LaunchScreen.storyboard in Resources */ = {isa = PBXBuildFile; fileRef = 6F35C6C22186604A00DB45FF /* LaunchScreen.storyboard */; };
		6F35C6CD2186615F00DB45FF /* Transaction.swift in Sources */ = {isa = PBXBuildFile; fileRef = 6F35C6CC2186615F00DB45FF /* Transaction.swift */; };
/* End PBXBuildFile section */

/* Begin PBXFileReference section */
		6F35C6B62186604900DB45FF /* TransactionApp.app */ = {isa = PBXFileReference; explicitFileType = wrapper.application; includeInIndex = 0; path = TransactionApp.app; sourceTree = BUILT_PRODUCTS_DIR; };
		6F35C6B92186604900DB45FF /* AppDelegate.swift */ = {isa = PBXFileReference; lastKnownFileType = sourcecode.swift; path = AppDelegate.swift; sourceTree = "<group>"; };
		6F35C6BB2186604900DB45FF /* ViewController.swift */ = {isa = PBXFileReference; lastKnownFileType = sourcecode.swift; path = ViewController.swift; sourceTree = "<group>"; };
		6F35C6BE2186604900DB45FF /* Base */ = {isa = PBXFileReference; lastKnownFileType = file.storyboard; name = Base; path = Base.lproj/Main.storyboard; sourceTree = "<group>"; };
		6F35C6C02186604A00DB45FF /* Assets.xcassets */ = {isa = PBXFileReference; lastKnownFileType = folder.assetcatalog; path = Assets.xcassets; sourceTree = "<group>"; };
		6F35C6C32186604A00DB45FF /* Base */ = {isa = PBXFileReference; lastKnownFileType = file.storyboard; name = Base; path = Base.lproj/LaunchScreen.storyboard; sourceTree = "<group>"; };
		6F35C6C52186604A00DB45FF /* Info.plist */ = {isa = PBXFileReference; lastKnownFileType = text.plist.xml; path = Info.plist; sourceTree = "<group>"; };
		6F35C6CC2186615F00DB45FF /* Transaction.swift */ = {isa = PBXFileReference; lastKnownFileType = sourcecode.swift; path = Transaction.swift; sourceTree = "<group>"; };
/* End PBXFileReference section */

/* Begin PBXFrameworksBuildPhase section */
		6F35C6B32186604900DB45FF /* Frameworks */ = {
			isa = PBXFrameworksBuildPhase;
			buildActionMask = 2147483647;
			files = (
			);
			runOnlyForDeploymentPostprocessing = 0;
		};
/* End PBXFrameworksBuildPhase section */

/* Begin PBXGroup section */
		6F35C6AD2186604900DB45FF = {
			isa = PBXGroup;
			children = (
				6F35C6B82186604900DB45FF /* TransactionApp */,
				6F35C6B72186604900DB45FF /* Products */,
			);
			sourceTree = "<group>";
		};
		6F35C6B72186604900DB45FF /* Products */ = {
			isa = PBXGroup;
			children = (
				6F35C6B62186604900DB45FF /* TransactionApp.app */,
			);
			name = Products;
			sourceTree = "<group>";
		};
		6F35C6B82186604900DB45FF /* TransactionApp */ = {
			isa = PBXGroup;
			children = (
				6F35C6CB2186613300DB45FF /* Model */,
				6F35C6B92186604900DB45FF /* AppDelegate.swift */,
				6F35C6BB2186604900DB45FF /* ViewController.swift */,
				6F35C6BD2186604900DB45FF /* Main.storyboard */,
				6F35C6C02186604A00DB45FF /* Assets.xcassets */,
				6F35C6C22186604A00DB45FF /* LaunchScreen.storyboard */,
				6F35C6C52186604A00DB45FF /* Info.plist */,
			);
			path = TransactionApp;
			sourceTree = "<group>";
		};
		6F35C6CB2186613300DB45FF /* Model */ = {
			isa = PBXGroup;
			children = (
				6F35C6CC2186615F00DB45FF /* Transaction.swift */,
			);
			path = Model;
			sourceTree = "<group>";
		};
/* End PBXGroup section */

/* Begin PBXNativeTarget section */
		6F35C6B52186604900DB45FF /* TransactionApp */ = {
			isa = PBXNativeTarget;
			buildConfigurationList = 6F35C6C82186604A00DB45FF /* Build configuration list for PBXNativeTarget "TransactionApp" */;
			buildPhases = (
				6F35C6B22186604900DB45FF /* Sources */,
				6F35C6B32186604900DB45FF /* Frameworks */,
				6F35C6B42186604900DB45FF /* Resources */,
			);
			buildRules = (
			);
			dependencies = (
			);
			name = TransactionApp;
			productName = TransactionApp;
			productReference = 6F35C6B62186604900DB45FF /* TransactionApp.app */;
			productType = "com.apple.product-type.application";
		};
/* End PBXNativeTarget section */

/* Begin PBXProject section */
		6F35C6AE2186604900DB45FF /* Project object */ = {
			isa = PBXProject;
			attributes = {
				LastSwiftUpdateCheck = 1000;
				LastUpgradeCheck = 1000;
				ORGANIZATIONNAME = jose.sanchezporro;
				TargetAttributes = {
					6F35C6B52186604900DB45FF = {
						CreatedOnToolsVersion = 10.0;
					};
				};
			};
			buildConfigurationList = 6F35C6B12186604900DB45FF /* Build configuration list for PBXProject "TransactionApp" */;
			compatibilityVersion = "Xcode 9.3";
			developmentRegion = en;
			hasScannedForEncodings = 0;
			knownRegions = (
				en,
				Base,
			);
			mainGroup = 6F35C6AD2186604900DB45FF;
			productRefGroup = 6F35C6B72186604900DB45FF /* Products */;
			projectDirPath = "";
			projectRoot = "";
			targets = (
				6F35C6B52186604900DB45FF /* TransactionApp */,
			);
		};
/* End PBXProject section */

/* Begin PBXResourcesBuildPhase section */
		6F35C6B42186604900DB45FF /* Resources */ = {
			isa = PBXResourcesBuildPhase;
			buildActionMask = 2147483647;
			files = (
				6F35C6C42186604A00DB45FF /* LaunchScreen.storyboard in Resources */,
				6F35C6C12186604A00DB45FF /* Assets.xcassets in Resources */,
				6F35C6BF2186604900DB45FF /* Main.storyboard in Resources */,
			);
			runOnlyForDeploymentPostprocessing = 0;
		};
/* End PBXResourcesBuildPhase section */

/* Begin PBXSourcesBuildPhase section */
		6F35C6B22186604900DB45FF /* Sources */ = {
			isa = PBXSourcesBuildPhase;
			buildActionMask = 2147483647;
			files = (
				6F35C6BC2186604900DB45FF /* ViewController.swift in Sources */,
				6F35C6BA2186604900DB45FF /* AppDelegate.swift in Sources */,
				6F35C6CD2186615F00DB45FF /* Transaction.swift in Sources */,
			);
			runOnlyForDeploymentPostprocessing = 0;
		};
/* End PBXSourcesBuildPhase section */

/* Begin PBXVariantGroup section */
		6F35C6BD2186604900DB45FF /* Main.storyboard */ = {
			isa = PBXVariantGroup;
			children = (
				6F35C6BE2186604900DB45FF /* Base */,
			);
			name = Main.storyboard;
			sourceTree = "<group>";
		};
		6F35C6C22186604A00DB45FF /* LaunchScreen.storyboard */ = {
			isa = PBXVariantGroup;
			children = (
				6F35C6C32186604A00DB45FF /* Base */,
			);
			name = LaunchScreen.storyboard;
			sourceTree = "<group>";
		};
/* End PBXVariantGroup section */

/* Begin XCBuildConfiguration section */
		6F35C6C62186604A00DB45FF /* Debug */ = {
			isa = XCBuildConfiguration;
			buildSettings = {
				ALWAYS_SEARCH_USER_PATHS = NO;
				CLANG_ANALYZER_NONNULL = YES;
				CLANG_ANALYZER_NUMBER_OBJECT_CONVERSION = YES_AGGRESSIVE;
				CLANG_CXX_LANGUAGE_STANDARD = "gnu++14";
				CLANG_CXX_LIBRARY = "libc++";
				CLANG_ENABLE_MODULES = YES;
				CLANG_ENABLE_OBJC_ARC = YES;
				CLANG_ENABLE_OBJC_WEAK = YES;
				CLANG_WARN_BLOCK_CAPTURE_AUTORELEASING = YES;
				CLANG_WARN_BOOL_CONVERSION = YES;
				CLANG_WARN_COMMA = YES;
				CLANG_WARN_CONSTANT_CONVERSION = YES;
				CLANG_WARN_DEPRECATED_OBJC_IMPLEMENTATIONS = YES;
				CLANG_WARN_DIRECT_OBJC_ISA_USAGE = YES_ERROR;
				CLANG_WARN_DOCUMENTATION_COMMENTS = YES;
				CLANG_WARN_EMPTY_BODY = YES;
				CLANG_WARN_ENUM_CONVERSION = YES;
				CLANG_WARN_INFINITE_RECURSION = YES;
				CLANG_WARN_INT_CONVERSION = YES;
				CLANG_WARN_NON_LITERAL_NULL_CONVERSION = YES;
				CLANG_WARN_OBJC_IMPLICIT_RETAIN_SELF = YES;
				CLANG_WARN_OBJC_LITERAL_CONVERSION = YES;
				CLANG_WARN_OBJC_ROOT_CLASS = YES_ERROR;
				CLANG_WARN_RANGE_LOOP_ANALYSIS = YES;
				CLANG_WARN_STRICT_PROTOTYPES = YES;
				CLANG_WARN_SUSPICIOUS_MOVE = YES;
				CLANG_WARN_UNGUARDED_AVAILABILITY = YES_AGGRESSIVE;
				CLANG_WARN_UNREACHABLE_CODE = YES;
				CLANG_WARN__DUPLICATE_METHOD_MATCH = YES;
				CODE_SIGN_IDENTITY = "iPhone Developer";
				COPY_PHASE_STRIP = NO;
				DEBUG_INFORMATION_FORMAT = dwarf;
				ENABLE_STRICT_OBJC_MSGSEND = YES;
				ENABLE_TESTABILITY = YES;
				GCC_C_LANGUAGE_STANDARD = gnu11;
				GCC_DYNAMIC_NO_PIC = NO;
				GCC_NO_COMMON_BLOCKS = YES;
				GCC_OPTIMIZATION_LEVEL = 0;
				GCC_PREPROCESSOR_DEFINITIONS = (
					"DEBUG=1",
					"$(inherited)",
				);
				GCC_WARN_64_TO_32_BIT_CONVERSION = YES;
				GCC_WARN_ABOUT_RETURN_TYPE = YES_ERROR;
				GCC_WARN_UNDECLARED_SELECTOR = YES;
				GCC_WARN_UNINITIALIZED_AUTOS = YES_AGGRESSIVE;
				GCC_WARN_UNUSED_FUNCTION = YES;
				GCC_WARN_UNUSED_VARIABLE = YES;
				IPHONEOS_DEPLOYMENT_TARGET = 12.0;
				MTL_ENABLE_DEBUG_INFO = INCLUDE_SOURCE;
				MTL_FAST_MATH = YES;
				ONLY_ACTIVE_ARCH = YES;
				SDKROOT = iphoneos;
				SWIFT_ACTIVE_COMPILATION_CONDITIONS = DEBUG;
				SWIFT_OPTIMIZATION_LEVEL = "-Onone";
			};
			name = Debug;
		};
		6F35C6C72186604A00DB45FF /* Release */ = {
			isa = XCBuildConfiguration;
			buildSettings = {
				ALWAYS_SEARCH_USER_PATHS = NO;
				CLANG_ANALYZER_NONNULL = YES;
				CLANG_ANALYZER_NUMBER_OBJECT_CONVERSION = YES_AGGRESSIVE;
				CLANG_CXX_LANGUAGE_STANDARD = "gnu++14";
				CLANG_CXX_LIBRARY = "libc++";
				CLANG_ENABLE_MODULES = YES;
				CLANG_ENABLE_OBJC_ARC = YES;
				CLANG_ENABLE_OBJC_WEAK = YES;
				CLANG_WARN_BLOCK_CAPTURE_AUTORELEASING = YES;
				CLANG_WARN_BOOL_CONVERSION = YES;
				CLANG_WARN_COMMA = YES;
				CLANG_WARN_CONSTANT_CONVERSION = YES;
				CLANG_WARN_DEPRECATED_OBJC_IMPLEMENTATIONS = YES;
				CLANG_WARN_DIRECT_OBJC_ISA_USAGE = YES_ERROR;
				CLANG_WARN_DOCUMENTATION_COMMENTS = YES;
				CLANG_WARN_EMPTY_BODY = YES;
				CLANG_WARN_ENUM_CONVERSION = YES;
				CLANG_WARN_INFINITE_RECURSION = YES;
				CLANG_WARN_INT_CONVERSION = YES;
				CLANG_WARN_NON_LITERAL_NULL_CONVERSION = YES;
				CLANG_WARN_OBJC_IMPLICIT_RETAIN_SELF = YES;
				CLANG_WARN_OBJC_LITERAL_CONVERSION = YES;
				CLANG_WARN_OBJC_ROOT_CLASS = YES_ERROR;
				CLANG_WARN_RANGE_LOOP_ANALYSIS = YES;
				CLANG_WARN_STRICT_PROTOTYPES = YES;
				CLANG_WARN_SUSPICIOUS_MOVE = YES;
				CLANG_WARN_UNGUARDED_AVAILABILITY = YES_AGGRESSIVE;
				CLANG_WARN_UNREACHABLE_CODE = YES;
				CLANG_WARN__DUPLICATE_METHOD_MATCH = YES;
				CODE_SIGN_IDENTITY = "iPhone Developer";
				COPY_PHASE_STRIP = NO;
				DEBUG_INFORMATION_FORMAT = "dwarf-with-dsym";
				ENABLE_NS_ASSERTIONS = NO;
				ENABLE_STRICT_OBJC_MSGSEND = YES;
				GCC_C_LANGUAGE_STANDARD = gnu11;
				GCC_NO_COMMON_BLOCKS = YES;
				GCC_WARN_64_TO_32_BIT_CONVERSION = YES;
				GCC_WARN_ABOUT_RETURN_TYPE = YES_ERROR;
				GCC_WARN_UNDECLARED_SELECTOR = YES;
				GCC_WARN_UNINITIALIZED_AUTOS = YES_AGGRESSIVE;
				GCC_WARN_UNUSED_FUNCTION = YES;
				GCC_WARN_UNUSED_VARIABLE = YES;
				IPHONEOS_DEPLOYMENT_TARGET = 12.0;
				MTL_ENABLE_DEBUG_INFO = NO;
				MTL_FAST_MATH = YES;
				SDKROOT = iphoneos;
				SWIFT_COMPILATION_MODE = wholemodule;
				SWIFT_OPTIMIZATION_LEVEL = "-O";
				VALIDATE_PRODUCT = YES;
			};
			name = Release;
		};
		6F35C6C92186604A00DB45FF /* Debug */ = {
			isa = XCBuildConfiguration;
			buildSettings = {
				ASSETCATALOG_COMPILER_APPICON_NAME = AppIcon;
				CODE_SIGN_STYLE = Automatic;
				DEVELOPMENT_TEAM = 2SB4A5733Q;
				INFOPLIST_FILE = TransactionApp/Info.plist;
				LD_RUNPATH_SEARCH_PATHS = (
					"$(inherited)",
					"@executable_path/Frameworks",
				);
				PRODUCT_BUNDLE_IDENTIFIER = Appart.TransactionApp;
				PRODUCT_NAME = "$(TARGET_NAME)";
				SWIFT_VERSION = 4.2;
				TARGETED_DEVICE_FAMILY = "1,2";
			};
			name = Debug;
		};
		6F35C6CA2186604A00DB45FF /* Release */ = {
			isa = XCBuildConfiguration;
			buildSettings = {
				ASSETCATALOG_COMPILER_APPICON_NAME = AppIcon;
				CODE_SIGN_STYLE = Automatic;
				DEVELOPMENT_TEAM = 2SB4A5733Q;
				INFOPLIST_FILE = TransactionApp/Info.plist;
				LD_RUNPATH_SEARCH_PATHS = (
					"$(inherited)",
					"@executable_path/Frameworks",
				);
				PRODUCT_BUNDLE_IDENTIFIER = Appart.TransactionApp;
				PRODUCT_NAME = "$(TARGET_NAME)";
				SWIFT_VERSION = 4.2;
				TARGETED_DEVICE_FAMILY = "1,2";
			};
			name = Release;
		};
/* End XCBuildConfiguration section */

/* Begin XCConfigurationList section */
		6F35C6B12186604900DB45FF /* Build configuration list for PBXProject "TransactionApp" */ = {
			isa = XCConfigurationList;
			buildConfigurations = (
				6F35C6C62186604A00DB45FF /* Debug */,
				6F35C6C72186604A00DB45FF /* Release */,
			);
			defaultConfigurationIsVisible = 0;
			defaultConfigurationName = Release;
		};
		6F35C6C82186604A00DB45FF /* Build configuration list for PBXNativeTarget "TransactionApp" */ = {
			isa = XCConfigurationList;
			buildConfigurations = (
				6F35C6C92186604A00DB45FF /* Debug */,
				6F35C6CA2186604A00DB45FF /* Release */,
			);
			defaultConfigurationIsVisible = 0;
			defaultConfigurationName = Release;
		};
/* End XCConfigurationList section */
	};
	rootObject = 6F35C6AE2186604900DB45FF /* Project object */;
}
